{
  "name": "meteor-skeleton",
  "requires": true,
  "lockfileVersion": 1,
  "dependencies": {
    "babel-runtime": {
      "version": "6.26.0",
      "resolved": "https://registry.npmjs.org/babel-runtime/-/babel-runtime-6.26.0.tgz",
      "integrity": "sha1-llxwWGaOgrVde/4E/yM3vItWR/4=",
      "requires": {
        "core-js": "2.5.1",
        "regenerator-runtime": "0.11.0"
      }
    },
    "bootstrap": {
      "version": "4.0.0-beta.2",
      "resolved": "https://registry.npmjs.org/bootstrap/-/bootstrap-4.0.0-beta.2.tgz",
      "integrity": "sha512-DzGtdTlKbrMoGMpz0LigKSqJ+MgtFKxA791PU/q062OlRG0HybNZcTLH7rpDAmLS66Y3esN9yzKHLLbqa5UR3w=="
    },
    "clone": {
      "version": "2.1.1",
      "resolved": "https://registry.npmjs.org/clone/-/clone-2.1.1.tgz",
      "integrity": "sha1-0hfR6WERjjrJpLi7oyhVU79kfNs="
    },
    "core-js": {
      "version": "2.5.1",
      "resolved": "https://registry.npmjs.org/core-js/-/core-js-2.5.1.tgz",
      "integrity": "sha1-rmh03GaTd4m4B1T/VCjfZoGcpQs="
    },
    "extend": {
      "version": "3.0.1",
      "resolved": "https://registry.npmjs.org/extend/-/extend-3.0.1.tgz",
      "integrity": "sha1-p1Xqe8Gt/MWjHOfnYtuq3F5jZEQ="
    },
    "lodash._reinterpolate": {
      "version": "3.0.0",
      "resolved": "https://registry.npmjs.org/lodash._reinterpolate/-/lodash._reinterpolate-3.0.0.tgz",
      "integrity": "sha1-DM8tiRZq8Ds2Y8eWU4t1rG4RTZ0="
    },
    "lodash.foreach": {
      "version": "4.5.0",
      "resolved": "https://registry.npmjs.org/lodash.foreach/-/lodash.foreach-4.5.0.tgz",
      "integrity": "sha1-Gmo16s5AEoDH8G3d7DUWWrJ+PlM="
    },
    "lodash.isempty": {
      "version": "4.4.0",
      "resolved": "https://registry.npmjs.org/lodash.isempty/-/lodash.isempty-4.4.0.tgz",
      "integrity": "sha1-b4bL7di+TsmHvpqvM8loTbGzHn4="
    },
    "lodash.isobject": {
      "version": "3.0.2",
      "resolved": "https://registry.npmjs.org/lodash.isobject/-/lodash.isobject-3.0.2.tgz",
      "integrity": "sha1-PI+41bW/S/kK4G4U8qUwpO2TXh0="
    },
    "lodash.merge": {
      "version": "4.6.0",
      "resolved": "https://registry.npmjs.org/lodash.merge/-/lodash.merge-4.6.0.tgz",
      "integrity": "sha1-aYhLoUSsM/5plzemCG3v+t0PicU="
    },
    "lodash.template": {
      "version": "4.4.0",
      "resolved": "https://registry.npmjs.org/lodash.template/-/lodash.template-4.4.0.tgz",
      "integrity": "sha1-5zoDhcg1VZF0bgILmWecaQ5o+6A=",
      "requires": {
        "lodash._reinterpolate": "3.0.0",
        "lodash.templatesettings": "4.1.0"
      }
    },
    "lodash.templatesettings": {
      "version": "4.1.0",
      "resolved": "https://registry.npmjs.org/lodash.templatesettings/-/lodash.templatesettings-4.1.0.tgz",
      "integrity": "sha1-K01OlbpEDZFf8IvImeRVNmZxMxY=",
      "requires": {
        "lodash._reinterpolate": "3.0.0"
      }
    },
    "lodash.without": {
      "version": "4.4.0",
      "resolved": "https://registry.npmjs.org/lodash.without/-/lodash.without-4.4.0.tgz",
      "integrity": "sha1-PNRXSgC2e643OpS3SHcmQFB7eqw="
    },
    "message-box": {
      "version": "0.1.1",
      "resolved": "https://registry.npmjs.org/message-box/-/message-box-0.1.1.tgz",
      "integrity": "sha1-d4VlhUzUUn0mc3P8IBJN4Ycpjaw=",
      "requires": {
        "lodash.merge": "4.6.0",
        "lodash.template": "4.4.0"
      }
    },
    "meteor-node-stubs": {
      "version": "https://registry.npmjs.org/meteor-node-stubs/-/meteor-node-stubs-0.2.11.tgz",
      "integrity": "sha1-cV5Owc6IgkiylgThbQkiVrDLfjQ=",
      "requires": {
        "assert": "https://registry.npmjs.org/assert/-/assert-1.4.1.tgz",
        "browserify-zlib": "https://registry.npmjs.org/browserify-zlib/-/browserify-zlib-0.1.4.tgz",
        "buffer": "https://registry.npmjs.org/buffer/-/buffer-4.9.1.tgz",
        "console-browserify": "https://registry.npmjs.org/console-browserify/-/console-browserify-1.1.0.tgz",
        "constants-browserify": "https://registry.npmjs.org/constants-browserify/-/constants-browserify-1.0.0.tgz",
        "crypto-browserify": "https://registry.npmjs.org/crypto-browserify/-/crypto-browserify-3.11.0.tgz",
        "domain-browser": "https://registry.npmjs.org/domain-browser/-/domain-browser-1.1.7.tgz",
        "events": "https://registry.npmjs.org/events/-/events-1.1.1.tgz",
        "http-browserify": "https://registry.npmjs.org/http-browserify/-/http-browserify-1.7.0.tgz",
        "https-browserify": "https://registry.npmjs.org/https-browserify/-/https-browserify-0.0.1.tgz",
        "os-browserify": "https://registry.npmjs.org/os-browserify/-/os-browserify-0.2.1.tgz",
        "path-browserify": "https://registry.npmjs.org/path-browserify/-/path-browserify-0.0.0.tgz",
        "process": "https://registry.npmjs.org/process/-/process-0.11.9.tgz",
        "punycode": "https://registry.npmjs.org/punycode/-/punycode-1.4.1.tgz",
        "querystring-es3": "https://registry.npmjs.org/querystring-es3/-/querystring-es3-0.2.1.tgz",
        "readable-stream": "git+https://github.com/meteor/readable-stream.git#2e9112d7d31a2af6e0682db0e18679b1e5fd4694",
        "stream-browserify": "https://registry.npmjs.org/stream-browserify/-/stream-browserify-2.0.1.tgz",
        "string_decoder": "https://registry.npmjs.org/string_decoder/-/string_decoder-1.0.1.tgz",
        "timers-browserify": "https://registry.npmjs.org/timers-browserify/-/timers-browserify-1.4.2.tgz",
        "tty-browserify": "https://registry.npmjs.org/tty-browserify/-/tty-browserify-0.0.0.tgz",
        "url": "https://registry.npmjs.org/url/-/url-0.11.0.tgz",
        "util": "https://registry.npmjs.org/util/-/util-0.10.3.tgz",
        "vm-browserify": "https://registry.npmjs.org/vm-browserify/-/vm-browserify-0.0.4.tgz"
      },
      "dependencies": {
        "Base64": {
          "version": "https://registry.npmjs.org/Base64/-/Base64-0.2.1.tgz",
          "integrity": "sha1-ujpCMHCOGGcFBl5mur3Uw1z2ACg="
        },
        "asn1.js": {
          "version": "https://registry.npmjs.org/asn1.js/-/asn1.js-4.9.0.tgz",
          "integrity": "sha1-9xoSQ/PnnUbXsH1/v0gk7nOvBUo=",
          "requires": {
            "bn.js": "https://registry.npmjs.org/bn.js/-/bn.js-4.11.6.tgz",
            "inherits": "https://registry.npmjs.org/inherits/-/inherits-2.0.1.tgz",
            "minimalistic-assert": "https://registry.npmjs.org/minimalistic-assert/-/minimalistic-assert-1.0.0.tgz"
          }
        },
        "assert": {
          "version": "https://registry.npmjs.org/assert/-/assert-1.4.1.tgz",
          "integrity": "sha1-mZEtWRg2tab1s0XA8H7vwI/GXZE=",
          "requires": {
            "util": "https://registry.npmjs.org/util/-/util-0.10.3.tgz"
          }
        },
        "balanced-match": {
          "version": "https://registry.npmjs.org/balanced-match/-/balanced-match-0.4.2.tgz",
          "integrity": "sha1-yz8+PHMtwPAe5wtAPzAuYddwmDg="
        },
        "base64-js": {
          "version": "https://registry.npmjs.org/base64-js/-/base64-js-1.2.0.tgz",
          "integrity": "sha1-o5mS1yNYSBGYK+XikLtqU9hnAPE="
        },
        "bn.js": {
          "version": "https://registry.npmjs.org/bn.js/-/bn.js-4.11.6.tgz",
          "integrity": "sha1-UzRK2xRhehP26N0s4okF0cC6MhU="
        },
        "brace-expansion": {
          "version": "https://registry.npmjs.org/brace-expansion/-/brace-expansion-1.1.7.tgz",
          "integrity": "sha1-Pv/DxQ4ABTH7cg6v+A8K6O8jz1k=",
          "requires": {
            "balanced-match": "https://registry.npmjs.org/balanced-match/-/balanced-match-0.4.2.tgz",
            "concat-map": "https://registry.npmjs.org/concat-map/-/concat-map-0.0.1.tgz"
          }
        },
        "brorand": {
          "version": "https://registry.npmjs.org/brorand/-/brorand-1.0.6.tgz",
          "integrity": "sha1-QChwa5FfkfezSaLgvzw3YDnSFuU="
        },
        "browserify-aes": {
          "version": "https://registry.npmjs.org/browserify-aes/-/browserify-aes-1.0.6.tgz",
          "integrity": "sha1-Xncl297x/Vkw1OurSFZ85FHEigo=",
          "requires": {
            "buffer-xor": "https://registry.npmjs.org/buffer-xor/-/buffer-xor-1.0.3.tgz",
            "cipher-base": "https://registry.npmjs.org/cipher-base/-/cipher-base-1.0.3.tgz",
            "create-hash": "https://registry.npmjs.org/create-hash/-/create-hash-1.1.2.tgz",
            "evp_bytestokey": "https://registry.npmjs.org/evp_bytestokey/-/evp_bytestokey-1.0.0.tgz",
            "inherits": "https://registry.npmjs.org/inherits/-/inherits-2.0.1.tgz"
          }
        },
        "browserify-cipher": {
          "version": "https://registry.npmjs.org/browserify-cipher/-/browserify-cipher-1.0.0.tgz",
          "integrity": "sha1-mYgkSHS/XtTijalWZtzWasj8Njo=",
          "requires": {
            "browserify-aes": "https://registry.npmjs.org/browserify-aes/-/browserify-aes-1.0.6.tgz",
            "browserify-des": "https://registry.npmjs.org/browserify-des/-/browserify-des-1.0.0.tgz",
            "evp_bytestokey": "https://registry.npmjs.org/evp_bytestokey/-/evp_bytestokey-1.0.0.tgz"
          }
        },
        "browserify-des": {
          "version": "https://registry.npmjs.org/browserify-des/-/browserify-des-1.0.0.tgz",
          "integrity": "sha1-2qJ3cXRwki7S/hhZQRihdUOXId0=",
          "requires": {
            "cipher-base": "https://registry.npmjs.org/cipher-base/-/cipher-base-1.0.3.tgz",
            "des.js": "https://registry.npmjs.org/des.js/-/des.js-1.0.0.tgz",
            "inherits": "https://registry.npmjs.org/inherits/-/inherits-2.0.1.tgz"
          }
        },
        "browserify-rsa": {
          "version": "https://registry.npmjs.org/browserify-rsa/-/browserify-rsa-4.0.1.tgz",
          "integrity": "sha1-IeCr+vbyApzy+vsTNWenAdQTVSQ=",
          "requires": {
            "bn.js": "https://registry.npmjs.org/bn.js/-/bn.js-4.11.6.tgz",
            "randombytes": "https://registry.npmjs.org/randombytes/-/randombytes-2.0.3.tgz"
          }
        },
        "browserify-sign": {
          "version": "https://registry.npmjs.org/browserify-sign/-/browserify-sign-4.0.0.tgz",
          "integrity": "sha1-EHc5EMPCBtVCCkaq2GlPgguFlo8=",
          "requires": {
            "bn.js": "https://registry.npmjs.org/bn.js/-/bn.js-4.11.6.tgz",
            "browserify-rsa": "https://registry.npmjs.org/browserify-rsa/-/browserify-rsa-4.0.1.tgz",
            "create-hash": "https://registry.npmjs.org/create-hash/-/create-hash-1.1.2.tgz",
            "create-hmac": "https://registry.npmjs.org/create-hmac/-/create-hmac-1.1.4.tgz",
            "elliptic": "https://registry.npmjs.org/elliptic/-/elliptic-6.3.2.tgz",
            "inherits": "https://registry.npmjs.org/inherits/-/inherits-2.0.1.tgz",
            "parse-asn1": "https://registry.npmjs.org/parse-asn1/-/parse-asn1-5.0.0.tgz"
          }
        },
        "browserify-zlib": {
          "version": "https://registry.npmjs.org/browserify-zlib/-/browserify-zlib-0.1.4.tgz",
          "integrity": "sha1-uzX4pRn2AOD6a4SFJByXnQFB+y0=",
          "requires": {
            "pako": "https://registry.npmjs.org/pako/-/pako-0.2.9.tgz"
          }
        },
        "buffer": {
          "version": "https://registry.npmjs.org/buffer/-/buffer-4.9.1.tgz",
          "integrity": "sha1-bRu2AbB6TvztlwlBMgkwJ8lbwpg=",
          "requires": {
            "base64-js": "https://registry.npmjs.org/base64-js/-/base64-js-1.2.0.tgz",
            "ieee754": "https://registry.npmjs.org/ieee754/-/ieee754-1.1.8.tgz",
            "isarray": "https://registry.npmjs.org/isarray/-/isarray-1.0.0.tgz"
          }
        },
        "buffer-xor": {
          "version": "https://registry.npmjs.org/buffer-xor/-/buffer-xor-1.0.3.tgz",
          "integrity": "sha1-JuYe0UIvtw3ULm42cp7VHYVf6Nk="
        },
        "cipher-base": {
          "version": "https://registry.npmjs.org/cipher-base/-/cipher-base-1.0.3.tgz",
          "integrity": "sha1-7qvxlEGc6QDaMBjCB9IS8qbfCgc=",
          "requires": {
            "inherits": "https://registry.npmjs.org/inherits/-/inherits-2.0.1.tgz"
          }
        },
        "concat-map": {
          "version": "https://registry.npmjs.org/concat-map/-/concat-map-0.0.1.tgz",
          "integrity": "sha1-2Klr13/Wjfd5OnMDajug1UBdR3s="
        },
        "console-browserify": {
          "version": "https://registry.npmjs.org/console-browserify/-/console-browserify-1.1.0.tgz",
          "integrity": "sha1-8CQcRXMKn8YyOyBtvzjtx0HQuxA=",
          "requires": {
            "date-now": "https://registry.npmjs.org/date-now/-/date-now-0.1.4.tgz"
          }
        },
        "constants-browserify": {
          "version": "https://registry.npmjs.org/constants-browserify/-/constants-browserify-1.0.0.tgz",
          "integrity": "sha1-wguW2MYXdIqvHBYCF2DNJ/y4y3U="
        },
        "create-ecdh": {
          "version": "https://registry.npmjs.org/create-ecdh/-/create-ecdh-4.0.0.tgz",
          "integrity": "sha1-iIxyNZbN92EvZJgjPuvXo1MBc30=",
          "requires": {
            "bn.js": "https://registry.npmjs.org/bn.js/-/bn.js-4.11.6.tgz",
            "elliptic": "https://registry.npmjs.org/elliptic/-/elliptic-6.3.2.tgz"
          }
        },
        "create-hash": {
          "version": "https://registry.npmjs.org/create-hash/-/create-hash-1.1.2.tgz",
          "integrity": "sha1-USEAYte7dHn2xlu0GpIgix1hq60=",
          "requires": {
            "cipher-base": "https://registry.npmjs.org/cipher-base/-/cipher-base-1.0.3.tgz",
            "inherits": "https://registry.npmjs.org/inherits/-/inherits-2.0.1.tgz",
            "ripemd160": "https://registry.npmjs.org/ripemd160/-/ripemd160-1.0.1.tgz",
            "sha.js": "https://registry.npmjs.org/sha.js/-/sha.js-2.4.8.tgz"
          }
        },
        "create-hmac": {
          "version": "https://registry.npmjs.org/create-hmac/-/create-hmac-1.1.4.tgz",
          "integrity": "sha1-0/tLolPriz9W456i+8uK90e9MXA=",
          "requires": {
            "create-hash": "https://registry.npmjs.org/create-hash/-/create-hash-1.1.2.tgz",
            "inherits": "https://registry.npmjs.org/inherits/-/inherits-2.0.1.tgz"
          }
        },
        "crypto-browserify": {
          "version": "https://registry.npmjs.org/crypto-browserify/-/crypto-browserify-3.11.0.tgz",
          "integrity": "sha1-NlKgkGq5sqfgw85mpAjpV6JIVSI=",
          "requires": {
            "browserify-cipher": "https://registry.npmjs.org/browserify-cipher/-/browserify-cipher-1.0.0.tgz",
            "browserify-sign": "https://registry.npmjs.org/browserify-sign/-/browserify-sign-4.0.0.tgz",
            "create-ecdh": "https://registry.npmjs.org/create-ecdh/-/create-ecdh-4.0.0.tgz",
            "create-hash": "https://registry.npmjs.org/create-hash/-/create-hash-1.1.2.tgz",
            "create-hmac": "https://registry.npmjs.org/create-hmac/-/create-hmac-1.1.4.tgz",
            "diffie-hellman": "https://registry.npmjs.org/diffie-hellman/-/diffie-hellman-5.0.2.tgz",
            "inherits": "https://registry.npmjs.org/inherits/-/inherits-2.0.1.tgz",
            "pbkdf2": "https://registry.npmjs.org/pbkdf2/-/pbkdf2-3.0.9.tgz",
            "public-encrypt": "https://registry.npmjs.org/public-encrypt/-/public-encrypt-4.0.0.tgz",
            "randombytes": "https://registry.npmjs.org/randombytes/-/randombytes-2.0.3.tgz"
          }
        },
        "date-now": {
          "version": "https://registry.npmjs.org/date-now/-/date-now-0.1.4.tgz",
          "integrity": "sha1-6vQ5/U1ISK105cx9vvIAZyueNFs="
        },
        "des.js": {
          "version": "https://registry.npmjs.org/des.js/-/des.js-1.0.0.tgz",
          "integrity": "sha1-wHTS4qpqipoH29YfmhXCzYPsjsw=",
          "requires": {
            "inherits": "https://registry.npmjs.org/inherits/-/inherits-2.0.1.tgz",
            "minimalistic-assert": "https://registry.npmjs.org/minimalistic-assert/-/minimalistic-assert-1.0.0.tgz"
          }
        },
        "diffie-hellman": {
          "version": "https://registry.npmjs.org/diffie-hellman/-/diffie-hellman-5.0.2.tgz",
          "integrity": "sha1-tYNXOScM/ias9jIJn97SoH8gnl4=",
          "requires": {
            "bn.js": "https://registry.npmjs.org/bn.js/-/bn.js-4.11.6.tgz",
            "miller-rabin": "https://registry.npmjs.org/miller-rabin/-/miller-rabin-4.0.0.tgz",
            "randombytes": "https://registry.npmjs.org/randombytes/-/randombytes-2.0.3.tgz"
          }
        },
        "domain-browser": {
          "version": "https://registry.npmjs.org/domain-browser/-/domain-browser-1.1.7.tgz",
          "integrity": "sha1-hnqksJP6oF8d4IwG9NeyH9+GmLw="
        },
        "elliptic": {
          "version": "https://registry.npmjs.org/elliptic/-/elliptic-6.3.2.tgz",
          "integrity": "sha1-5MgeCCnPCmWrcOmYuCMnI7XBvEg=",
          "requires": {
            "bn.js": "https://registry.npmjs.org/bn.js/-/bn.js-4.11.6.tgz",
            "brorand": "https://registry.npmjs.org/brorand/-/brorand-1.0.6.tgz",
            "hash.js": "https://registry.npmjs.org/hash.js/-/hash.js-1.0.3.tgz",
            "inherits": "https://registry.npmjs.org/inherits/-/inherits-2.0.1.tgz"
          }
        },
        "events": {
          "version": "https://registry.npmjs.org/events/-/events-1.1.1.tgz",
          "integrity": "sha1-nr23Y1rQmccNzEwqH1AEKI6L2SQ="
        },
        "evp_bytestokey": {
          "version": "https://registry.npmjs.org/evp_bytestokey/-/evp_bytestokey-1.0.0.tgz",
          "integrity": "sha1-SXtmrZ/vZc18CKYYCCS6FHa2blM=",
          "requires": {
            "create-hash": "https://registry.npmjs.org/create-hash/-/create-hash-1.1.2.tgz"
          }
        },
        "fs.realpath": {
          "version": "https://registry.npmjs.org/fs.realpath/-/fs.realpath-1.0.0.tgz",
          "integrity": "sha1-FQStJSMVjKpA20onh8sBQRmU6k8="
        },
        "glob": {
          "version": "https://registry.npmjs.org/glob/-/glob-7.1.2.tgz",
          "integrity": "sha1-wZyd+aAocC1nhhI4SmVSQExjbRU=",
          "requires": {
            "fs.realpath": "https://registry.npmjs.org/fs.realpath/-/fs.realpath-1.0.0.tgz",
            "inflight": "https://registry.npmjs.org/inflight/-/inflight-1.0.6.tgz",
            "inherits": "https://registry.npmjs.org/inherits/-/inherits-2.0.1.tgz",
            "minimatch": "https://registry.npmjs.org/minimatch/-/minimatch-3.0.4.tgz",
            "once": "https://registry.npmjs.org/once/-/once-1.4.0.tgz",
            "path-is-absolute": "https://registry.npmjs.org/path-is-absolute/-/path-is-absolute-1.0.1.tgz"
          }
        },
        "hash.js": {
          "version": "https://registry.npmjs.org/hash.js/-/hash.js-1.0.3.tgz",
          "integrity": "sha1-EzL/ABVsCg/92CNgE9B7d6BFFXM=",
          "requires": {
            "inherits": "https://registry.npmjs.org/inherits/-/inherits-2.0.1.tgz"
          }
        },
        "http-browserify": {
          "version": "https://registry.npmjs.org/http-browserify/-/http-browserify-1.7.0.tgz",
          "integrity": "sha1-M3la3nLfiKz7/TZ3PO/tp2RzWyA=",
          "requires": {
            "Base64": "https://registry.npmjs.org/Base64/-/Base64-0.2.1.tgz",
            "inherits": "https://registry.npmjs.org/inherits/-/inherits-2.0.1.tgz"
          }
        },
        "https-browserify": {
          "version": "https://registry.npmjs.org/https-browserify/-/https-browserify-0.0.1.tgz",
          "integrity": "sha1-P5E2XKvmC3ftDruiS0VOPgnZWoI="
        },
        "ieee754": {
          "version": "https://registry.npmjs.org/ieee754/-/ieee754-1.1.8.tgz",
          "integrity": "sha1-vjPUCsEO8ZJnAfbwii2G+/0a0+Q="
        },
        "indexof": {
          "version": "https://registry.npmjs.org/indexof/-/indexof-0.0.1.tgz",
          "integrity": "sha1-gtwzbSMrkGIXnQWrMpOmYFn9Q10="
        },
        "inflight": {
          "version": "https://registry.npmjs.org/inflight/-/inflight-1.0.6.tgz",
          "integrity": "sha1-Sb1jMdfQLQwJvJEKEHW6gWW1bfk=",
          "requires": {
            "once": "https://registry.npmjs.org/once/-/once-1.4.0.tgz",
            "wrappy": "https://registry.npmjs.org/wrappy/-/wrappy-1.0.2.tgz"
          }
        },
        "inherits": {
          "version": "https://registry.npmjs.org/inherits/-/inherits-2.0.1.tgz",
          "integrity": "sha1-sX0I0ya0Qj5Wjv9xn5GwscvfafE="
        },
        "isarray": {
          "version": "https://registry.npmjs.org/isarray/-/isarray-1.0.0.tgz",
          "integrity": "sha1-u5NdSFgsuhaMBoNJV6VKPgcSTxE="
        },
        "miller-rabin": {
          "version": "https://registry.npmjs.org/miller-rabin/-/miller-rabin-4.0.0.tgz",
          "integrity": "sha1-SmL7HUKTPAVYOYL0xxb2+55sbT0=",
          "requires": {
            "bn.js": "https://registry.npmjs.org/bn.js/-/bn.js-4.11.6.tgz",
            "brorand": "https://registry.npmjs.org/brorand/-/brorand-1.0.6.tgz"
          }
        },
        "minimalistic-assert": {
          "version": "https://registry.npmjs.org/minimalistic-assert/-/minimalistic-assert-1.0.0.tgz",
          "integrity": "sha1-cCvi3aazf0g2vLP121ZkG2Sh09M="
        },
        "minimatch": {
          "version": "https://registry.npmjs.org/minimatch/-/minimatch-3.0.4.tgz",
          "integrity": "sha1-UWbihkV/AzBgZL5Ul+jbsMPTIIM=",
          "requires": {
            "brace-expansion": "https://registry.npmjs.org/brace-expansion/-/brace-expansion-1.1.7.tgz"
          }
        },
        "once": {
          "version": "https://registry.npmjs.org/once/-/once-1.4.0.tgz",
          "integrity": "sha1-WDsap3WWHUsROsF9nFC6753Xa9E=",
          "requires": {
            "wrappy": "https://registry.npmjs.org/wrappy/-/wrappy-1.0.2.tgz"
          }
        },
        "os-browserify": {
          "version": "https://registry.npmjs.org/os-browserify/-/os-browserify-0.2.1.tgz",
          "integrity": "sha1-Y/xMzuXS13Y9Jrv4YBB45sLgBE8="
        },
        "pako": {
          "version": "https://registry.npmjs.org/pako/-/pako-0.2.9.tgz",
          "integrity": "sha1-8/dSL073gjSNqBYbrZ7P1Rv4OnU="
        },
        "parse-asn1": {
          "version": "https://registry.npmjs.org/parse-asn1/-/parse-asn1-5.0.0.tgz",
          "integrity": "sha1-NQYPbVAV03Yox3D04JGgtaJ4vCM=",
          "requires": {
            "asn1.js": "https://registry.npmjs.org/asn1.js/-/asn1.js-4.9.0.tgz",
            "browserify-aes": "https://registry.npmjs.org/browserify-aes/-/browserify-aes-1.0.6.tgz",
            "create-hash": "https://registry.npmjs.org/create-hash/-/create-hash-1.1.2.tgz",
            "evp_bytestokey": "https://registry.npmjs.org/evp_bytestokey/-/evp_bytestokey-1.0.0.tgz",
            "pbkdf2": "https://registry.npmjs.org/pbkdf2/-/pbkdf2-3.0.9.tgz"
          }
        },
        "path-browserify": {
          "version": "https://registry.npmjs.org/path-browserify/-/path-browserify-0.0.0.tgz",
          "integrity": "sha1-oLhwcpquIUAFt9UDLsLLuw+0RRo="
        },
        "path-is-absolute": {
          "version": "https://registry.npmjs.org/path-is-absolute/-/path-is-absolute-1.0.1.tgz",
          "integrity": "sha1-F0uSaHNVNP+8es5r9TpanhtcX18="
        },
        "pbkdf2": {
          "version": "https://registry.npmjs.org/pbkdf2/-/pbkdf2-3.0.9.tgz",
          "integrity": "sha1-8sSyWmAAWLPDdzwIbDfbvuH/5pM=",
          "requires": {
            "create-hmac": "https://registry.npmjs.org/create-hmac/-/create-hmac-1.1.4.tgz"
          }
        },
        "process": {
          "version": "https://registry.npmjs.org/process/-/process-0.11.9.tgz",
          "integrity": "sha1-e9WtIapiU+fahoImTx4R0RwDGME="
        },
        "process-nextick-args": {
          "version": "https://registry.npmjs.org/process-nextick-args/-/process-nextick-args-1.0.7.tgz",
          "integrity": "sha1-FQ4gt1ZZCtP5EJPyWk8q2L/zC6M="
        },
        "public-encrypt": {
          "version": "https://registry.npmjs.org/public-encrypt/-/public-encrypt-4.0.0.tgz",
          "integrity": "sha1-OfaZ86RlYN1eusvKaTyvfGXBjMY=",
          "requires": {
            "bn.js": "https://registry.npmjs.org/bn.js/-/bn.js-4.11.6.tgz",
            "browserify-rsa": "https://registry.npmjs.org/browserify-rsa/-/browserify-rsa-4.0.1.tgz",
            "create-hash": "https://registry.npmjs.org/create-hash/-/create-hash-1.1.2.tgz",
            "parse-asn1": "https://registry.npmjs.org/parse-asn1/-/parse-asn1-5.0.0.tgz",
            "randombytes": "https://registry.npmjs.org/randombytes/-/randombytes-2.0.3.tgz"
          }
        },
        "punycode": {
          "version": "https://registry.npmjs.org/punycode/-/punycode-1.4.1.tgz",
          "integrity": "sha1-wNWmOycYgArY4esPpSachN1BhF4="
        },
        "querystring": {
          "version": "https://registry.npmjs.org/querystring/-/querystring-0.2.0.tgz",
          "integrity": "sha1-sgmEkgO7Jd+CDadW50cAWHhSFiA="
        },
        "querystring-es3": {
          "version": "https://registry.npmjs.org/querystring-es3/-/querystring-es3-0.2.1.tgz",
          "integrity": "sha1-nsYfeQSYdXB9aUFFlv2Qek1xHnM="
        },
        "randombytes": {
          "version": "https://registry.npmjs.org/randombytes/-/randombytes-2.0.3.tgz",
          "integrity": "sha1-Z0yZdgkBw8QRJ3GjHlIdw0nMCew="
        },
        "readable-stream": {
          "version": "git+https://github.com/meteor/readable-stream.git#2e9112d7d31a2af6e0682db0e18679b1e5fd4694",
          "integrity": "sha1-8ShlS187DDnDjkzS6evquZLUmyI=",
          "requires": {
            "inherits": "https://registry.npmjs.org/inherits/-/inherits-2.0.1.tgz",
            "isarray": "https://registry.npmjs.org/isarray/-/isarray-1.0.0.tgz",
            "process-nextick-args": "https://registry.npmjs.org/process-nextick-args/-/process-nextick-args-1.0.7.tgz",
            "safe-buffer": "https://registry.npmjs.org/safe-buffer/-/safe-buffer-5.0.1.tgz",
            "string_decoder": "https://registry.npmjs.org/string_decoder/-/string_decoder-1.0.1.tgz",
            "util-deprecate": "https://registry.npmjs.org/util-deprecate/-/util-deprecate-1.0.2.tgz"
          }
        },
        "rimraf": {
          "version": "https://registry.npmjs.org/rimraf/-/rimraf-2.6.1.tgz",
          "integrity": "sha1-wjOOxkPfeht/5cVPqG9XQopV8z0=",
          "requires": {
            "glob": "https://registry.npmjs.org/glob/-/glob-7.1.2.tgz"
          }
        },
        "ripemd160": {
          "version": "https://registry.npmjs.org/ripemd160/-/ripemd160-1.0.1.tgz",
          "integrity": "sha1-k6S71JQrxXS2mo+lfHHeEOzKfW4="
        },
        "safe-buffer": {
          "version": "https://registry.npmjs.org/safe-buffer/-/safe-buffer-5.0.1.tgz",
          "integrity": "sha1-0mPKVGls2KMGtcplUekt5XkY++c="
        },
        "sha.js": {
          "version": "https://registry.npmjs.org/sha.js/-/sha.js-2.4.8.tgz",
          "integrity": "sha1-NwaMLEdra69ALRSknGf1l5IfY08=",
          "requires": {
            "inherits": "https://registry.npmjs.org/inherits/-/inherits-2.0.1.tgz"
          }
        },
        "stream-browserify": {
          "version": "https://registry.npmjs.org/stream-browserify/-/stream-browserify-2.0.1.tgz",
          "integrity": "sha1-ZiZu5fm9uZQKTkUUyvtDu3Hlyds=",
          "requires": {
            "inherits": "https://registry.npmjs.org/inherits/-/inherits-2.0.1.tgz",
            "readable-stream": "git+https://github.com/meteor/readable-stream.git#2e9112d7d31a2af6e0682db0e18679b1e5fd4694"
          }
        },
        "string_decoder": {
          "version": "https://registry.npmjs.org/string_decoder/-/string_decoder-1.0.1.tgz",
          "integrity": "sha1-YuIA8DmVWmgQ2N8KM//A8BNmLZg=",
          "requires": {
            "safe-buffer": "https://registry.npmjs.org/safe-buffer/-/safe-buffer-5.0.1.tgz"
          }
        },
        "timers-browserify": {
          "version": "https://registry.npmjs.org/timers-browserify/-/timers-browserify-1.4.2.tgz",
          "integrity": "sha1-ycWLV1voQHN1y14kYtrO50NZ9B0=",
          "requires": {
            "process": "https://registry.npmjs.org/process/-/process-0.11.9.tgz"
          }
        },
        "tty-browserify": {
          "version": "https://registry.npmjs.org/tty-browserify/-/tty-browserify-0.0.0.tgz",
          "integrity": "sha1-oVe6QC2iTpv5V/mqadUk7tQpAaY="
        },
        "url": {
          "version": "https://registry.npmjs.org/url/-/url-0.11.0.tgz",
          "integrity": "sha1-ODjpfPxgUh63PFJajlW/3Z4uKPE=",
          "requires": {
            "punycode": "https://registry.npmjs.org/punycode/-/punycode-1.3.2.tgz",
            "querystring": "https://registry.npmjs.org/querystring/-/querystring-0.2.0.tgz"
          },
          "dependencies": {
            "punycode": {
              "version": "https://registry.npmjs.org/punycode/-/punycode-1.3.2.tgz",
              "integrity": "sha1-llOgNvt8HuQjQvIyXM7v6jkmxI0="
            }
          }
        },
        "util": {
          "version": "https://registry.npmjs.org/util/-/util-0.10.3.tgz",
          "integrity": "sha1-evsa/lCAUkZInj23/g7TeTNqwPk=",
          "requires": {
            "inherits": "https://registry.npmjs.org/inherits/-/inherits-2.0.1.tgz"
          }
        },
        "util-deprecate": {
          "version": "https://registry.npmjs.org/util-deprecate/-/util-deprecate-1.0.2.tgz",
          "integrity": "sha1-RQ1Nyfpw3nMnYvvS1KKJgUGaDM8="
        },
        "vm-browserify": {
          "version": "https://registry.npmjs.org/vm-browserify/-/vm-browserify-0.0.4.tgz",
          "integrity": "sha1-XX6kW7755Kb/ZflUOOCofDV9WnM=",
          "requires": {
            "indexof": "https://registry.npmjs.org/indexof/-/indexof-0.0.1.tgz"
          }
        },
        "wrappy": {
          "version": "https://registry.npmjs.org/wrappy/-/wrappy-1.0.2.tgz",
          "integrity": "sha1-tSQ9jz7BqjXxNkYFvA0QNuMKtp8="
        }
      }
    },
    "moment": {
      "version": "2.19.2",
      "resolved": "https://registry.npmjs.org/moment/-/moment-2.19.2.tgz",
      "integrity": "sha512-Rf6jiHPEfxp9+dlzxPTmRHbvoFXsh2L/U8hOupUMpnuecHQmI6cF6lUbJl3QqKPko1u6ujO+FxtcajLVfLpAtA=="
    },
    "mongo-object": {
      "version": "0.0.2",
      "resolved": "https://registry.npmjs.org/mongo-object/-/mongo-object-0.0.2.tgz",
      "integrity": "sha512-FI827BgRJvEZ+Uef+qWIsXu93+8pok26b5LZO2Nc3T6XRg/IrkvV1okxyez+Kz/psfV3n5WqqtR+ySg2Q7mSPg==",
      "requires": {
        "lodash.foreach": "4.5.0",
        "lodash.isempty": "4.4.0",
        "lodash.isobject": "3.0.2",
        "lodash.without": "4.4.0"
      }
    },
    "noty": {
      "version": "3.1.3",
      "resolved": "https://registry.npmjs.org/noty/-/noty-3.1.3.tgz",
      "integrity": "sha512-7FwRr+ufgE0Fh6W9pmeeb1KLbCy1RWMQsIOt1L+ZG67/c7CJotmzo97tPu2p/ee5udazOlFjxpKtUNlN+0yO9A=="
    },
    "regenerator-runtime": {
      "version": "0.11.0",
      "resolved": "https://registry.npmjs.org/regenerator-runtime/-/regenerator-runtime-0.11.0.tgz",
      "integrity": "sha512-/aA0kLeRb5N9K0d4fw7ooEbI+xDe+DKD499EQqygGqeS8N3xto15p09uY2xj7ixP81sNPXvRLnAQIqdVStgb1A=="
    },
    "simpl-schema": {
      "version": "0.3.2",
      "resolved": "https://registry.npmjs.org/simpl-schema/-/simpl-schema-0.3.2.tgz",
      "integrity": "sha1-LHVETpN4UFrFJSGTlN4GPOT28Gg=",
      "requires": {
        "clone": "2.1.1",
        "extend": "3.0.1",
        "message-box": "0.1.1",
        "mongo-object": "0.0.2",
        "underscore": "1.8.3"
      }
    },
    "underscore": {
      "version": "1.8.3",
      "resolved": "https://registry.npmjs.org/underscore/-/underscore-1.8.3.tgz",
      "integrity": "sha1-Tz+1OxBuYJf8+ctBCfKl6b36UCI="
    }
  }
}
